uuid: 48266644-b7c6-4f4e-8be3-ee5031016590
langcode: en
status: true
dependencies:
  config:
    - field.storage.taxonomy_term.field_block
    - taxonomy.vocabulary.states
  module:
    - block_field
id: taxonomy_term.states.field_block
field_name: field_block
entity_type: taxonomy_term
bundle: states
label: Block
description: ''
required: false
translatable: false
default_value: {  }
default_value_callback: ''
settings:
  selection: blocks
  selection_settings:
    plugin_ids: {  }
field_type: block_field
