uuid: 20e83fe8-de86-4f05-9c5c-0793f99956d5
langcode: en
status: true
dependencies:
  config:
    - field.storage.paragraph.field_block
    - paragraphs.paragraphs_type.block
  module:
    - block_field
id: paragraph.block.field_block
field_name: field_block
entity_type: paragraph
bundle: block
label: Block
description: ''
required: false
translatable: false
default_value: {  }
default_value_callback: ''
settings:
  selection: blocks
  selection_settings:
    plugin_ids:
      page_title_block: page_title_block
      local_actions_block: local_actions_block
      'block_content:1fd90b37-8712-4bce-a813-1d07aebb0873': 'block_content:1fd90b37-8712-4bce-a813-1d07aebb0873'
      'block_content:6d39c3ca-c600-4835-b65b-612d49d15617': 'block_content:6d39c3ca-c600-4835-b65b-612d49d15617'
      'views_block:newsroom_news_releases-block_4': 'views_block:newsroom_news_releases-block_4'
      'views_block:newsroom_news_releases-block_2': 'views_block:newsroom_news_releases-block_2'
      'views_block:newsroom_news_releases-block_5': 'views_block:newsroom_news_releases-block_5'
      'views_block:newsroom_news_releases-block_1': 'views_block:newsroom_news_releases-block_1'
      'views_block:newsroom_news_releases-block_3': 'views_block:newsroom_news_releases-block_3'
      'views_block:regional_office_list-block_1': 'views_block:regional_office_list-block_1'
      'views_block:states_jump_menu-block_1': 'views_block:states_jump_menu-block_1'
      'views_block:subject_data_demographics-census_table_list': 'views_block:subject_data_demographics-census_table_list'
      'system_menu_block:about-us': 'system_menu_block:about-us'
      'system_menu_block:contact-us': 'system_menu_block:contact-us'
      'system_menu_block:data-and-statistics-national-men': 'system_menu_block:data-and-statistics-national-men'
      'system_menu_block:devel': 'system_menu_block:devel'
      'system_menu_block:get-data': 'system_menu_block:get-data'
      'system_menu_block:get-involved': 'system_menu_block:get-involved'
      'system_menu_block:meetings-conferences': 'system_menu_block:meetings-conferences'
      'system_menu_block:research': 'system_menu_block:research'
      nass_regional_office_map: nass_regional_office_map
      'superfish:subscriptions': 'superfish:subscriptions'
      webform_block: webform_block
      webform_submission_limit_block: webform_submission_limit_block
field_type: block_field
